
Microsoft Visual Studio Solution File, Format Version 12.00
# Visual Studio Version 16
VisualStudioVersion = 16.0.31729.503
MinimumVisualStudioVersion = 10.0.40219.1
Project("{9A19103F-16F7-4668-BE54-9A1E7A4F7556}") = "PromotionEngine.Client", "PromotionEngine.Console\PromotionEngine.Client.csproj", "{ECC5CD89-293F-41EB-A89F-99A2764EDB5F}"
EndProject
Project("{9A19103F-16F7-4668-BE54-9A1E7A4F7556}") = "Tests", "Tests\Tests.csproj", "{01C76700-B5E0-49BC-B899-8899F097CF50}"
EndProject
Project("{9A19103F-16F7-4668-BE54-9A1E7A4F7556}") = "PromotionEngine", "PromotionEngine\PromotionEngine.csproj", "{CA21D800-BF2E-4A09-95F2-302EBFA1567C}"
EndProject
Project("{2150E333-8FDC-42A3-9474-1A3956D46DE8}") = "Solution Items", "Solution Items", "{EAA8E511-B1E1-462F-9523-48592EAE22B5}"
	ProjectSection(SolutionItems) = preProject
		ReadMe.md = ReadMe.md
	EndProjectSection
EndProject
Global
	GlobalSection(SolutionConfigurationPlatforms) = preSolution
		Debug|Any CPU = Debug|Any CPU
		Release|Any CPU = Release|Any CPU
	EndGlobalSection
	GlobalSection(ProjectConfigurationPlatforms) = postSolution
		{ECC5CD89-293F-41EB-A89F-99A2764EDB5F}.Debug|Any CPU.ActiveCfg = Debug|Any CPU
		{ECC5CD89-293F-41EB-A89F-99A2764EDB5F}.Debug|Any CPU.Build.0 = Debug|Any CPU
		{ECC5CD89-293F-41EB-A89F-99A2764EDB5F}.Release|Any CPU.ActiveCfg = Release|Any CPU
		{ECC5CD89-293F-41EB-A89F-99A2764EDB5F}.Release|Any CPU.Build.0 = Release|Any CPU
		{01C76700-B5E0-49BC-B899-8899F097CF50}.Debug|Any CPU.ActiveCfg = Debug|Any CPU
		{01C76700-B5E0-49BC-B899-8899F097CF50}.Debug|Any CPU.Build.0 = Debug|Any CPU
		{01C76700-B5E0-49BC-B899-8899F097CF50}.Release|Any CPU.ActiveCfg = Release|Any CPU
		{01C76700-B5E0-49BC-B899-8899F097CF50}.Release|Any CPU.Build.0 = Release|Any CPU
		{CA21D800-BF2E-4A09-95F2-302EBFA1567C}.Debug|Any CPU.ActiveCfg = Debug|Any CPU
		{CA21D800-BF2E-4A09-95F2-302EBFA1567C}.Debug|Any CPU.Build.0 = Debug|Any CPU
		{CA21D800-BF2E-4A09-95F2-302EBFA1567C}.Release|Any CPU.ActiveCfg = Release|Any CPU
		{CA21D800-BF2E-4A09-95F2-302EBFA1567C}.Release|Any CPU.Build.0 = Release|Any CPU
	EndGlobalSection
	GlobalSection(SolutionProperties) = preSolution
		HideSolutionNode = FALSE
	EndGlobalSection
	GlobalSection(ExtensibilityGlobals) = postSolution
		SolutionGuid = {D4601D1E-5D9B-49F2-A228-B92E464737D7}
	EndGlobalSection
EndGlobal
